
Microsoft Visual Studio Solution File, Format Version 12.00
# Visual Studio Version 17
VisualStudioVersion = 17.5.33414.496
MinimumVisualStudioVersion = 10.0.40219.1
Project("{FAE04EC0-301F-11D3-BF4B-00C04F79EFBC}") = "EF_Core_Books_Shop", "EF_Core_Books_Shop\EF_Core_Books_Shop.csproj", "{4CCEDF77-8F46-403B-946B-DF606B46F1D8}"
EndProject
Global
	GlobalSection(SolutionConfigurationPlatforms) = preSolution
		Debug|Any CPU = Debug|Any CPU
		Release|Any CPU = Release|Any CPU
	EndGlobalSection
	GlobalSection(ProjectConfigurationPlatforms) = postSolution
		{4CCEDF77-8F46-403B-946B-DF606B46F1D8}.Debug|Any CPU.ActiveCfg = Debug|Any CPU
		{4CCEDF77-8F46-403B-946B-DF606B46F1D8}.Debug|Any CPU.Build.0 = Debug|Any CPU
		{4CCEDF77-8F46-403B-946B-DF606B46F1D8}.Release|Any CPU.ActiveCfg = Release|Any CPU
		{4CCEDF77-8F46-403B-946B-DF606B46F1D8}.Release|Any CPU.Build.0 = Release|Any CPU
	EndGlobalSection
	GlobalSection(SolutionProperties) = preSolution
		HideSolutionNode = FALSE
	EndGlobalSection
	GlobalSection(ExtensibilityGlobals) = postSolution
		SolutionGuid = {C9BD240F-4107-49E9-9290-DFFC385DE023}
	EndGlobalSection
EndGlobal
